
Microsoft Visual Studio Solution File, Format Version 12.00
Project("{FAE04EC0-301F-11D3-BF4B-00C04F79EFBC}") = "RazorComponentRenderer", "RazorComponentRenderer\RazorComponentRenderer.csproj", "{8276C3A4-59B0-4937-9413-3A3C00264F08}"
EndProject
Project("{FAE04EC0-301F-11D3-BF4B-00C04F79EFBC}") = "RazorComponentRenderer.Generators", "RazorComponentRenderer.Generators\RazorComponentRenderer.Generators.csproj", "{79F2EE5A-4C87-42FD-98D1-3F17364B2787}"
EndProject
Project("{FAE04EC0-301F-11D3-BF4B-00C04F79EFBC}") = "Example", "Example\Example.csproj", "{C1C1FCB2-6055-49E9-849B-FF870A7A57B7}"
EndProject
Global
	GlobalSection(SolutionConfigurationPlatforms) = preSolution
		Debug|Any CPU = Debug|Any CPU
		Release|Any CPU = Release|Any CPU
	EndGlobalSection
	GlobalSection(ProjectConfigurationPlatforms) = postSolution
		{8276C3A4-59B0-4937-9413-3A3C00264F08}.Debug|Any CPU.ActiveCfg = Debug|Any CPU
		{8276C3A4-59B0-4937-9413-3A3C00264F08}.Debug|Any CPU.Build.0 = Debug|Any CPU
		{8276C3A4-59B0-4937-9413-3A3C00264F08}.Release|Any CPU.ActiveCfg = Release|Any CPU
		{8276C3A4-59B0-4937-9413-3A3C00264F08}.Release|Any CPU.Build.0 = Release|Any CPU
		{79F2EE5A-4C87-42FD-98D1-3F17364B2787}.Debug|Any CPU.ActiveCfg = Debug|Any CPU
		{79F2EE5A-4C87-42FD-98D1-3F17364B2787}.Debug|Any CPU.Build.0 = Debug|Any CPU
		{79F2EE5A-4C87-42FD-98D1-3F17364B2787}.Release|Any CPU.ActiveCfg = Release|Any CPU
		{79F2EE5A-4C87-42FD-98D1-3F17364B2787}.Release|Any CPU.Build.0 = Release|Any CPU
		{C1C1FCB2-6055-49E9-849B-FF870A7A57B7}.Debug|Any CPU.ActiveCfg = Debug|Any CPU
		{C1C1FCB2-6055-49E9-849B-FF870A7A57B7}.Debug|Any CPU.Build.0 = Debug|Any CPU
		{C1C1FCB2-6055-49E9-849B-FF870A7A57B7}.Release|Any CPU.ActiveCfg = Release|Any CPU
		{C1C1FCB2-6055-49E9-849B-FF870A7A57B7}.Release|Any CPU.Build.0 = Release|Any CPU
	EndGlobalSection
EndGlobal
